
Microsoft Visual Studio Solution File, Format Version 12.00
# Visual Studio 15
VisualStudioVersion = 15.0.27703.2047
MinimumVisualStudioVersion = 10.0.40219.1
Project("{8BC9CEB8-8B4A-11D0-8D11-00A0C91BC942}") = "1-HelloAIE", "1-HelloAIE\1-HelloAIE.vcxproj", "{992876F3-3170-4C89-99E3-380A553F08C4}"
EndProject
Project("{8BC9CEB8-8B4A-11D0-8D11-00A0C91BC942}") = "2-Variables", "2-Variables\2-Variables.vcxproj", "{28425789-95D2-4F6D-889E-D97C7D3756A7}"
EndProject
Project("{8BC9CEB8-8B4A-11D0-8D11-00A0C91BC942}") = "3-Loops", "3-Loops\3-Loops.vcxproj", "{C502AB90-D360-4BC0-B537-1F249C42E153}"
EndProject
Project("{8BC9CEB8-8B4A-11D0-8D11-00A0C91BC942}") = "4-Conditionals", "4-Conditionals\4-Conditionals.vcxproj", "{D7B4DFAA-60C3-4E4C-BF3E-1E6AAA7D65AC}"
EndProject
Project("{8BC9CEB8-8B4A-11D0-8D11-00A0C91BC942}") = "5-Functions", "5-Functions\5-Functions.vcxproj", "{20D513FE-019C-4CA5-9127-A93715EEA13C}"
EndProject
Project("{8BC9CEB8-8B4A-11D0-8D11-00A0C91BC942}") = "6-Arrays", "6-Arrays\6-Arrays.vcxproj", "{6C4C0E2A-0207-48F7-8A8E-02AEF77A6A87}"
EndProject
Project("{8BC9CEB8-8B4A-11D0-8D11-00A0C91BC942}") = "Review", "Review\Review.vcxproj", "{5982F13A-21A0-4AEE-BDE8-07E532BC911A}"
EndProject
Project("{8BC9CEB8-8B4A-11D0-8D11-00A0C91BC942}") = "7-Pointers", "7-Pointers\7-Pointers.vcxproj", "{CBE41E97-54D4-4EC4-BC79-10A1FB8F7993}"
EndProject
Project("{8BC9CEB8-8B4A-11D0-8D11-00A0C91BC942}") = "8-DynamicMemory", "8-DynamicMemory\8-DynamicMemory.vcxproj", "{E35EA38A-706A-4BAA-A9B5-40EB7297B61C}"
EndProject
Project("{8BC9CEB8-8B4A-11D0-8D11-00A0C91BC942}") = "9-Classes", "9-Classes\9-Classes.vcxproj", "{7DC137B9-675E-4978-9D88-CD4416A4213D}"
EndProject
Global
	GlobalSection(SolutionConfigurationPlatforms) = preSolution
		Debug|x64 = Debug|x64
		Debug|x86 = Debug|x86
		Release|x64 = Release|x64
		Release|x86 = Release|x86
	EndGlobalSection
	GlobalSection(ProjectConfigurationPlatforms) = postSolution
		{992876F3-3170-4C89-99E3-380A553F08C4}.Debug|x64.ActiveCfg = Debug|x64
		{992876F3-3170-4C89-99E3-380A553F08C4}.Debug|x64.Build.0 = Debug|x64
		{992876F3-3170-4C89-99E3-380A553F08C4}.Debug|x86.ActiveCfg = Debug|Win32
		{992876F3-3170-4C89-99E3-380A553F08C4}.Debug|x86.Build.0 = Debug|Win32
		{992876F3-3170-4C89-99E3-380A553F08C4}.Release|x64.ActiveCfg = Release|x64
		{992876F3-3170-4C89-99E3-380A553F08C4}.Release|x64.Build.0 = Release|x64
		{992876F3-3170-4C89-99E3-380A553F08C4}.Release|x86.ActiveCfg = Release|Win32
		{992876F3-3170-4C89-99E3-380A553F08C4}.Release|x86.Build.0 = Release|Win32
		{28425789-95D2-4F6D-889E-D97C7D3756A7}.Debug|x64.ActiveCfg = Debug|x64
		{28425789-95D2-4F6D-889E-D97C7D3756A7}.Debug|x64.Build.0 = Debug|x64
		{28425789-95D2-4F6D-889E-D97C7D3756A7}.Debug|x86.ActiveCfg = Debug|Win32
		{28425789-95D2-4F6D-889E-D97C7D3756A7}.Debug|x86.Build.0 = Debug|Win32
		{28425789-95D2-4F6D-889E-D97C7D3756A7}.Release|x64.ActiveCfg = Release|x64
		{28425789-95D2-4F6D-889E-D97C7D3756A7}.Release|x64.Build.0 = Release|x64
		{28425789-95D2-4F6D-889E-D97C7D3756A7}.Release|x86.ActiveCfg = Release|Win32
		{28425789-95D2-4F6D-889E-D97C7D3756A7}.Release|x86.Build.0 = Release|Win32
		{C502AB90-D360-4BC0-B537-1F249C42E153}.Debug|x64.ActiveCfg = Debug|x64
		{C502AB90-D360-4BC0-B537-1F249C42E153}.Debug|x64.Build.0 = Debug|x64
		{C502AB90-D360-4BC0-B537-1F249C42E153}.Debug|x86.ActiveCfg = Debug|Win32
		{C502AB90-D360-4BC0-B537-1F249C42E153}.Debug|x86.Build.0 = Debug|Win32
		{C502AB90-D360-4BC0-B537-1F249C42E153}.Release|x64.ActiveCfg = Release|x64
		{C502AB90-D360-4BC0-B537-1F249C42E153}.Release|x64.Build.0 = Release|x64
		{C502AB90-D360-4BC0-B537-1F249C42E153}.Release|x86.ActiveCfg = Release|Win32
		{C502AB90-D360-4BC0-B537-1F249C42E153}.Release|x86.Build.0 = Release|Win32
		{D7B4DFAA-60C3-4E4C-BF3E-1E6AAA7D65AC}.Debug|x64.ActiveCfg = Debug|x64
		{D7B4DFAA-60C3-4E4C-BF3E-1E6AAA7D65AC}.Debug|x64.Build.0 = Debug|x64
		{D7B4DFAA-60C3-4E4C-BF3E-1E6AAA7D65AC}.Debug|x86.ActiveCfg = Debug|Win32
		{D7B4DFAA-60C3-4E4C-BF3E-1E6AAA7D65AC}.Debug|x86.Build.0 = Debug|Win32
		{D7B4DFAA-60C3-4E4C-BF3E-1E6AAA7D65AC}.Release|x64.ActiveCfg = Release|x64
		{D7B4DFAA-60C3-4E4C-BF3E-1E6AAA7D65AC}.Release|x64.Build.0 = Release|x64
		{D7B4DFAA-60C3-4E4C-BF3E-1E6AAA7D65AC}.Release|x86.ActiveCfg = Release|Win32
		{D7B4DFAA-60C3-4E4C-BF3E-1E6AAA7D65AC}.Release|x86.Build.0 = Release|Win32
		{20D513FE-019C-4CA5-9127-A93715EEA13C}.Debug|x64.ActiveCfg = Debug|x64
		{20D513FE-019C-4CA5-9127-A93715EEA13C}.Debug|x64.Build.0 = Debug|x64
		{20D513FE-019C-4CA5-9127-A93715EEA13C}.Debug|x86.ActiveCfg = Debug|Win32
		{20D513FE-019C-4CA5-9127-A93715EEA13C}.Debug|x86.Build.0 = Debug|Win32
		{20D513FE-019C-4CA5-9127-A93715EEA13C}.Release|x64.ActiveCfg = Release|x64
		{20D513FE-019C-4CA5-9127-A93715EEA13C}.Release|x64.Build.0 = Release|x64
		{20D513FE-019C-4CA5-9127-A93715EEA13C}.Release|x86.ActiveCfg = Release|Win32
		{20D513FE-019C-4CA5-9127-A93715EEA13C}.Release|x86.Build.0 = Release|Win32
		{6C4C0E2A-0207-48F7-8A8E-02AEF77A6A87}.Debug|x64.ActiveCfg = Debug|x64
		{6C4C0E2A-0207-48F7-8A8E-02AEF77A6A87}.Debug|x64.Build.0 = Debug|x64
		{6C4C0E2A-0207-48F7-8A8E-02AEF77A6A87}.Debug|x86.ActiveCfg = Debug|Win32
		{6C4C0E2A-0207-48F7-8A8E-02AEF77A6A87}.Debug|x86.Build.0 = Debug|Win32
		{6C4C0E2A-0207-48F7-8A8E-02AEF77A6A87}.Release|x64.ActiveCfg = Release|x64
		{6C4C0E2A-0207-48F7-8A8E-02AEF77A6A87}.Release|x64.Build.0 = Release|x64
		{6C4C0E2A-0207-48F7-8A8E-02AEF77A6A87}.Release|x86.ActiveCfg = Release|Win32
		{6C4C0E2A-0207-48F7-8A8E-02AEF77A6A87}.Release|x86.Build.0 = Release|Win32
		{5982F13A-21A0-4AEE-BDE8-07E532BC911A}.Debug|x64.ActiveCfg = Debug|x64
		{5982F13A-21A0-4AEE-BDE8-07E532BC911A}.Debug|x64.Build.0 = Debug|x64
		{5982F13A-21A0-4AEE-BDE8-07E532BC911A}.Debug|x86.ActiveCfg = Debug|Win32
		{5982F13A-21A0-4AEE-BDE8-07E532BC911A}.Debug|x86.Build.0 = Debug|Win32
		{5982F13A-21A0-4AEE-BDE8-07E532BC911A}.Release|x64.ActiveCfg = Release|x64
		{5982F13A-21A0-4AEE-BDE8-07E532BC911A}.Release|x64.Build.0 = Release|x64
		{5982F13A-21A0-4AEE-BDE8-07E532BC911A}.Release|x86.ActiveCfg = Release|Win32
		{5982F13A-21A0-4AEE-BDE8-07E532BC911A}.Release|x86.Build.0 = Release|Win32
		{CBE41E97-54D4-4EC4-BC79-10A1FB8F7993}.Debug|x64.ActiveCfg = Debug|x64
		{CBE41E97-54D4-4EC4-BC79-10A1FB8F7993}.Debug|x64.Build.0 = Debug|x64
		{CBE41E97-54D4-4EC4-BC79-10A1FB8F7993}.Debug|x86.ActiveCfg = Debug|Win32
		{CBE41E97-54D4-4EC4-BC79-10A1FB8F7993}.Debug|x86.Build.0 = Debug|Win32
		{CBE41E97-54D4-4EC4-BC79-10A1FB8F7993}.Release|x64.ActiveCfg = Release|x64
		{CBE41E97-54D4-4EC4-BC79-10A1FB8F7993}.Release|x64.Build.0 = Release|x64
		{CBE41E97-54D4-4EC4-BC79-10A1FB8F7993}.Release|x86.ActiveCfg = Release|Win32
		{CBE41E97-54D4-4EC4-BC79-10A1FB8F7993}.Release|x86.Build.0 = Release|Win32
		{E35EA38A-706A-4BAA-A9B5-40EB7297B61C}.Debug|x64.ActiveCfg = Debug|x64
		{E35EA38A-706A-4BAA-A9B5-40EB7297B61C}.Debug|x64.Build.0 = Debug|x64
		{E35EA38A-706A-4BAA-A9B5-40EB7297B61C}.Debug|x86.ActiveCfg = Debug|Win32
		{E35EA38A-706A-4BAA-A9B5-40EB7297B61C}.Debug|x86.Build.0 = Debug|Win32
		{E35EA38A-706A-4BAA-A9B5-40EB7297B61C}.Release|x64.ActiveCfg = Release|x64
		{E35EA38A-706A-4BAA-A9B5-40EB7297B61C}.Release|x64.Build.0 = Release|x64
		{E35EA38A-706A-4BAA-A9B5-40EB7297B61C}.Release|x86.ActiveCfg = Release|Win32
		{E35EA38A-706A-4BAA-A9B5-40EB7297B61C}.Release|x86.Build.0 = Release|Win32
		{7DC137B9-675E-4978-9D88-CD4416A4213D}.Debug|x64.ActiveCfg = Debug|x64
		{7DC137B9-675E-4978-9D88-CD4416A4213D}.Debug|x64.Build.0 = Debug|x64
		{7DC137B9-675E-4978-9D88-CD4416A4213D}.Debug|x86.ActiveCfg = Debug|Win32
		{7DC137B9-675E-4978-9D88-CD4416A4213D}.Debug|x86.Build.0 = Debug|Win32
		{7DC137B9-675E-4978-9D88-CD4416A4213D}.Release|x64.ActiveCfg = Release|x64
		{7DC137B9-675E-4978-9D88-CD4416A4213D}.Release|x64.Build.0 = Release|x64
		{7DC137B9-675E-4978-9D88-CD4416A4213D}.Release|x86.ActiveCfg = Release|Win32
		{7DC137B9-675E-4978-9D88-CD4416A4213D}.Release|x86.Build.0 = Release|Win32
	EndGlobalSection
	GlobalSection(SolutionProperties) = preSolution
		HideSolutionNode = FALSE
	EndGlobalSection
	GlobalSection(ExtensibilityGlobals) = postSolution
		SolutionGuid = {E41C0B3F-16FF-4832-B8C4-809550A19D12}
	EndGlobalSection
EndGlobal
